{
  "name": "commons_front",
  "version": "1.0.4",
  "lockfileVersion": 3,
  "requires": true,
  "packages": {
    "": {
      "name": "commons_front",
      "version": "1.0.4",
      "license": "MIT",
      "dependencies": {
        "commons_front": "^1.0.0"
      }
    },
    "node_modules/commons_front": {
      "version": "1.0.0",
      "resolved": "https://registry.npmjs.org/commons_front/-/commons_front-1.0.0.tgz",
      "integrity": "sha512-pGAtmTt8OF8P3kPdJseNt9eX9sd0XCwOH9b4ObJ04F2LNdIs56zdlpDOBiqCgm1NexBqb6xojt5a8yzcT8RjmQ=="
    }
  }
}
